
Microsoft Visual Studio Solution File, Format Version 12.00
# Visual Studio Version 16
VisualStudioVersion = 16.0.31402.337
MinimumVisualStudioVersion = 10.0.40219.1
Project("{9A19103F-16F7-4668-BE54-9A1E7A4F7556}") = "P1", "P1\P1.csproj", "{EF87C4BC-142C-44FA-B45F-DFE111165AF7}"
EndProject
Project("{FAE04EC0-301F-11D3-BF4B-00C04F79EFBC}") = "Database", "Database\Database.csproj", "{0B8B6CB5-E0CD-4105-85B7-CC252246401A}"
EndProject
Global
	GlobalSection(SolutionConfigurationPlatforms) = preSolution
		Debug|Any CPU = Debug|Any CPU
		Release|Any CPU = Release|Any CPU
	EndGlobalSection
	GlobalSection(ProjectConfigurationPlatforms) = postSolution
		{EF87C4BC-142C-44FA-B45F-DFE111165AF7}.Debug|Any CPU.ActiveCfg = Debug|Any CPU
		{EF87C4BC-142C-44FA-B45F-DFE111165AF7}.Debug|Any CPU.Build.0 = Debug|Any CPU
		{EF87C4BC-142C-44FA-B45F-DFE111165AF7}.Release|Any CPU.ActiveCfg = Release|Any CPU
		{EF87C4BC-142C-44FA-B45F-DFE111165AF7}.Release|Any CPU.Build.0 = Release|Any CPU
		{0B8B6CB5-E0CD-4105-85B7-CC252246401A}.Debug|Any CPU.ActiveCfg = Debug|Any CPU
		{0B8B6CB5-E0CD-4105-85B7-CC252246401A}.Debug|Any CPU.Build.0 = Debug|Any CPU
		{0B8B6CB5-E0CD-4105-85B7-CC252246401A}.Release|Any CPU.ActiveCfg = Release|Any CPU
		{0B8B6CB5-E0CD-4105-85B7-CC252246401A}.Release|Any CPU.Build.0 = Release|Any CPU
	EndGlobalSection
	GlobalSection(SolutionProperties) = preSolution
		HideSolutionNode = FALSE
	EndGlobalSection
	GlobalSection(ExtensibilityGlobals) = postSolution
		SolutionGuid = {66F241AE-AD30-4E56-8488-66DB2F85F55F}
	EndGlobalSection
EndGlobal
